
Microsoft Visual Studio Solution File, Format Version 12.00
# Visual Studio Version 17
VisualStudioVersion = 17.0.31903.59
MinimumVisualStudioVersion = 10.0.40219.1
Project("{FAE04EC0-301F-11D3-BF4B-00C04F79EFBC}") = "API", "API\API.csproj", "{74147F22-1F3D-4E38-B50D-93C0FDA70F21}"
EndProject
Project("{FAE04EC0-301F-11D3-BF4B-00C04F79EFBC}") = "Core", "Core\Core.csproj", "{9A94D7BA-5EE5-430E-B31A-D5C26D6F8D38}"
EndProject
Project("{FAE04EC0-301F-11D3-BF4B-00C04F79EFBC}") = "Infrastructure", "Infrastructure\Infrastructure.csproj", "{CC6AE3FC-DED6-4676-84AE-C3ED49BC2D48}"
EndProject
Global
	GlobalSection(SolutionConfigurationPlatforms) = preSolution
		Debug|Any CPU = Debug|Any CPU
		Release|Any CPU = Release|Any CPU
	EndGlobalSection
	GlobalSection(SolutionProperties) = preSolution
		HideSolutionNode = FALSE
	EndGlobalSection
	GlobalSection(ProjectConfigurationPlatforms) = postSolution
		{74147F22-1F3D-4E38-B50D-93C0FDA70F21}.Debug|Any CPU.ActiveCfg = Debug|Any CPU
		{74147F22-1F3D-4E38-B50D-93C0FDA70F21}.Debug|Any CPU.Build.0 = Debug|Any CPU
		{74147F22-1F3D-4E38-B50D-93C0FDA70F21}.Release|Any CPU.ActiveCfg = Release|Any CPU
		{74147F22-1F3D-4E38-B50D-93C0FDA70F21}.Release|Any CPU.Build.0 = Release|Any CPU
		{9A94D7BA-5EE5-430E-B31A-D5C26D6F8D38}.Debug|Any CPU.ActiveCfg = Debug|Any CPU
		{9A94D7BA-5EE5-430E-B31A-D5C26D6F8D38}.Debug|Any CPU.Build.0 = Debug|Any CPU
		{9A94D7BA-5EE5-430E-B31A-D5C26D6F8D38}.Release|Any CPU.ActiveCfg = Release|Any CPU
		{9A94D7BA-5EE5-430E-B31A-D5C26D6F8D38}.Release|Any CPU.Build.0 = Release|Any CPU
		{CC6AE3FC-DED6-4676-84AE-C3ED49BC2D48}.Debug|Any CPU.ActiveCfg = Debug|Any CPU
		{CC6AE3FC-DED6-4676-84AE-C3ED49BC2D48}.Debug|Any CPU.Build.0 = Debug|Any CPU
		{CC6AE3FC-DED6-4676-84AE-C3ED49BC2D48}.Release|Any CPU.ActiveCfg = Release|Any CPU
		{CC6AE3FC-DED6-4676-84AE-C3ED49BC2D48}.Release|Any CPU.Build.0 = Release|Any CPU
	EndGlobalSection
EndGlobal
